
Microsoft Visual Studio Solution File, Format Version 12.00
# Visual Studio 14
VisualStudioVersion = 14.0.25420.1
MinimumVisualStudioVersion = 10.0.40219.1
Project("{FAE04EC0-301F-11D3-BF4B-00C04F79EFBC}") = "Lab4OrderWCF", "Lab4OrderWCF\Lab4OrderWCF.csproj", "{2724E845-501E-4D7C-9FE5-3913084C9690}"
EndProject
Project("{FAE04EC0-301F-11D3-BF4B-00C04F79EFBC}") = "ConsoleApplication1", "ConsoleApplication1\ConsoleApplication1.csproj", "{3EA602AB-8DCC-4593-B42A-C15F911F3D7B}"
	ProjectSection(ProjectDependencies) = postProject
		{2724E845-501E-4D7C-9FE5-3913084C9690} = {2724E845-501E-4D7C-9FE5-3913084C9690}
	EndProjectSection
EndProject
Global
	GlobalSection(SolutionConfigurationPlatforms) = preSolution
		Debug|Any CPU = Debug|Any CPU
		Release|Any CPU = Release|Any CPU
	EndGlobalSection
	GlobalSection(ProjectConfigurationPlatforms) = postSolution
		{2724E845-501E-4D7C-9FE5-3913084C9690}.Debug|Any CPU.ActiveCfg = Debug|Any CPU
		{2724E845-501E-4D7C-9FE5-3913084C9690}.Debug|Any CPU.Build.0 = Debug|Any CPU
		{2724E845-501E-4D7C-9FE5-3913084C9690}.Release|Any CPU.ActiveCfg = Release|Any CPU
		{2724E845-501E-4D7C-9FE5-3913084C9690}.Release|Any CPU.Build.0 = Release|Any CPU
		{3EA602AB-8DCC-4593-B42A-C15F911F3D7B}.Debug|Any CPU.ActiveCfg = Debug|Any CPU
		{3EA602AB-8DCC-4593-B42A-C15F911F3D7B}.Debug|Any CPU.Build.0 = Debug|Any CPU
		{3EA602AB-8DCC-4593-B42A-C15F911F3D7B}.Release|Any CPU.ActiveCfg = Release|Any CPU
		{3EA602AB-8DCC-4593-B42A-C15F911F3D7B}.Release|Any CPU.Build.0 = Release|Any CPU
	EndGlobalSection
	GlobalSection(SolutionProperties) = preSolution
		HideSolutionNode = FALSE
	EndGlobalSection
EndGlobal
